// !$*UTF8*$!
{
	archiveVersion = 1;
	classes = {
	};
	objectVersion = 46;
	objects = {

/* Begin PBXBuildFile section */
		A7720425122B1872667D5F9B /* Pods_HappyShop.framework in Frameworks */ = {isa = PBXBuildFile; fileRef = 966277FAEE92D99705AF534F /* Pods_HappyShop.framework */; };
		F92B1C541CC80093008251B3 /* backArrow.png in Resources */ = {isa = PBXBuildFile; fileRef = F92B1C511CC80093008251B3 /* backArrow.png */; };
		F92B1C551CC80093008251B3 /* listIcon.png in Resources */ = {isa = PBXBuildFile; fileRef = F92B1C521CC80093008251B3 /* listIcon.png */; };
		F92B1C561CC80093008251B3 /* gridIcon.png in Resources */ = {isa = PBXBuildFile; fileRef = F92B1C531CC80093008251B3 /* gridIcon.png */; };
		F97E619C1CC785AC004488F1 /* placeholder.png in Resources */ = {isa = PBXBuildFile; fileRef = F97E619B1CC785AC004488F1 /* placeholder.png */; };
		F984739E1CC416CE00379B39 /* HappyShopTests.swift in Sources */ = {isa = PBXBuildFile; fileRef = F984739D1CC416CE00379B39 /* HappyShopTests.swift */; };
		F98473A91CC416CE00379B39 /* HappyShopUITests.swift in Sources */ = {isa = PBXBuildFile; fileRef = F98473A81CC416CE00379B39 /* HappyShopUITests.swift */; };
		F98473C41CC418B400379B39 /* AppDelegate.swift in Sources */ = {isa = PBXBuildFile; fileRef = F98473B71CC418B400379B39 /* AppDelegate.swift */; };
		F98473C51CC418B400379B39 /* HomeViewController.swift in Sources */ = {isa = PBXBuildFile; fileRef = F98473B91CC418B400379B39 /* HomeViewController.swift */; };
		F98473C61CC418B400379B39 /* Assets.xcassets in Resources */ = {isa = PBXBuildFile; fileRef = F98473BC1CC418B400379B39 /* Assets.xcassets */; };
		F98473C71CC418B400379B39 /* LaunchScreen.storyboard in Resources */ = {isa = PBXBuildFile; fileRef = F98473BD1CC418B400379B39 /* LaunchScreen.storyboard */; };
		F98473C81CC418B400379B39 /* Main.storyboard in Resources */ = {isa = PBXBuildFile; fileRef = F98473BF1CC418B400379B39 /* Main.storyboard */; };
		F98473CC1CC419AB00379B39 /* Info.plist in Resources */ = {isa = PBXBuildFile; fileRef = F98473CB1CC419AB00379B39 /* Info.plist */; };
		F98473CE1CC41A8300379B39 /* BaseViewController.swift in Sources */ = {isa = PBXBuildFile; fileRef = F98473CD1CC41A8300379B39 /* BaseViewController.swift */; };
		F98473D01CC41C2C00379B39 /* Constants.swift in Sources */ = {isa = PBXBuildFile; fileRef = F98473CF1CC41C2C00379B39 /* Constants.swift */; };
		F98473E31CC4264600379B39 /* UIAlertView+Custom.swift in Sources */ = {isa = PBXBuildFile; fileRef = F98473D81CC4264600379B39 /* UIAlertView+Custom.swift */; };
		F98473EC1CC426D300379B39 /* ProductsCollectionCell.swift in Sources */ = {isa = PBXBuildFile; fileRef = F98473EA1CC426D300379B39 /* ProductsCollectionCell.swift */; };
		F98473ED1CC426D300379B39 /* ProductsCollectionCell.xib in Resources */ = {isa = PBXBuildFile; fileRef = F98473EB1CC426D300379B39 /* ProductsCollectionCell.xib */; };
		F98473F01CC426F100379B39 /* CategoriesCollectionCell.swift in Sources */ = {isa = PBXBuildFile; fileRef = F98473EE1CC426F100379B39 /* CategoriesCollectionCell.swift */; };
		F98473F11CC426F100379B39 /* CategoriesCollectionCell.xib in Resources */ = {isa = PBXBuildFile; fileRef = F98473EF1CC426F100379B39 /* CategoriesCollectionCell.xib */; };
		F98473F31CC4271700379B39 /* CategoriesCollectionView.swift in Sources */ = {isa = PBXBuildFile; fileRef = F98473F21CC4271700379B39 /* CategoriesCollectionView.swift */; };
		F98473F51CC4272900379B39 /* ProductsCollectionView.swift in Sources */ = {isa = PBXBuildFile; fileRef = F98473F41CC4272900379B39 /* ProductsCollectionView.swift */; };
		F98473F71CC4278100379B39 /* ProductsTableView.swift in Sources */ = {isa = PBXBuildFile; fileRef = F98473F61CC4278100379B39 /* ProductsTableView.swift */; };
		F98473FA1CC4279E00379B39 /* ProductsTableCell.swift in Sources */ = {isa = PBXBuildFile; fileRef = F98473F81CC4279E00379B39 /* ProductsTableCell.swift */; };
		F98473FD1CC4964D00379B39 /* DataManager.swift in Sources */ = {isa = PBXBuildFile; fileRef = F98473FC1CC4964D00379B39 /* DataManager.swift */; };
		F98473FF1CC4967000379B39 /* NetworkManager.swift in Sources */ = {isa = PBXBuildFile; fileRef = F98473FE1CC4967000379B39 /* NetworkManager.swift */; };
		F98474021CC4B7B400379B39 /* Protocols.swift in Sources */ = {isa = PBXBuildFile; fileRef = F98474011CC4B7B400379B39 /* Protocols.swift */; };
		F9CE3FA21CC8099300751B0C /* ProductsTableCell.xib in Resources */ = {isa = PBXBuildFile; fileRef = F9CE3FA11CC8099300751B0C /* ProductsTableCell.xib */; };
		F9DEAE5D1CC6962F0074396C /* ProductViewController.swift in Sources */ = {isa = PBXBuildFile; fileRef = F9DEAE5C1CC6962F0074396C /* ProductViewController.swift */; };
		F9EA98431CC5443700969B6B /* ProductsViewController.swift in Sources */ = {isa = PBXBuildFile; fileRef = F9EA98421CC5443700969B6B /* ProductsViewController.swift */; };
		F9EA98451CC55CA000969B6B /* UIScrollView+Custom.swift in Sources */ = {isa = PBXBuildFile; fileRef = F9EA98441CC55CA000969B6B /* UIScrollView+Custom.swift */; };
/* End PBXBuildFile section */

/* Begin PBXContainerItemProxy section */
		F984739A1CC416CE00379B39 /* PBXContainerItemProxy */ = {
			isa = PBXContainerItemProxy;
			containerPortal = F984737D1CC416CE00379B39 /* Project object */;
			proxyType = 1;
			remoteGlobalIDString = F98473841CC416CE00379B39;
			remoteInfo = HappyShop;
		};
		F98473A51CC416CE00379B39 /* PBXContainerItemProxy */ = {
			isa = PBXContainerItemProxy;
			containerPortal = F984737D1CC416CE00379B39 /* Project object */;
			proxyType = 1;
			remoteGlobalIDString = F98473841CC416CE00379B39;
			remoteInfo = HappyShop;
		};
/* End PBXContainerItemProxy section */

/* Begin PBXFileReference section */
		38699FE29B4755F38C522088 /* Pods-HappyShop.release.xcconfig */ = {isa = PBXFileReference; includeInIndex = 1; lastKnownFileType = text.xcconfig; name = "Pods-HappyShop.release.xcconfig"; path = "Pods/Target Support Files/Pods-HappyShop/Pods-HappyShop.release.xcconfig"; sourceTree = "<group>"; };
		966277FAEE92D99705AF534F /* Pods_HappyShop.framework */ = {isa = PBXFileReference; explicitFileType = wrapper.framework; includeInIndex = 0; path = Pods_HappyShop.framework; sourceTree = BUILT_PRODUCTS_DIR; };
		AF3BFCAB0B42DFAF33B2BFCD /* Pods-HappyShop.debug.xcconfig */ = {isa = PBXFileReference; includeInIndex = 1; lastKnownFileType = text.xcconfig; name = "Pods-HappyShop.debug.xcconfig"; path = "Pods/Target Support Files/Pods-HappyShop/Pods-HappyShop.debug.xcconfig"; sourceTree = "<group>"; };
		F92B1C511CC80093008251B3 /* backArrow.png */ = {isa = PBXFileReference; lastKnownFileType = image.png; path = backArrow.png; sourceTree = "<group>"; };
		F92B1C521CC80093008251B3 /* listIcon.png */ = {isa = PBXFileReference; lastKnownFileType = image.png; path = listIcon.png; sourceTree = "<group>"; };
		F92B1C531CC80093008251B3 /* gridIcon.png */ = {isa = PBXFileReference; lastKnownFileType = image.png; path = gridIcon.png; sourceTree = "<group>"; };
		F97E619B1CC785AC004488F1 /* placeholder.png */ = {isa = PBXFileReference; lastKnownFileType = image.png; path = placeholder.png; sourceTree = "<group>"; };
		F98473851CC416CE00379B39 /* HappyShop.app */ = {isa = PBXFileReference; explicitFileType = wrapper.application; includeInIndex = 0; path = HappyShop.app; sourceTree = BUILT_PRODUCTS_DIR; };
		F98473991CC416CE00379B39 /* HappyShopTests.xctest */ = {isa = PBXFileReference; explicitFileType = wrapper.cfbundle; includeInIndex = 0; path = HappyShopTests.xctest; sourceTree = BUILT_PRODUCTS_DIR; };
		F984739D1CC416CE00379B39 /* HappyShopTests.swift */ = {isa = PBXFileReference; lastKnownFileType = sourcecode.swift; path = HappyShopTests.swift; sourceTree = "<group>"; };
		F984739F1CC416CE00379B39 /* Info.plist */ = {isa = PBXFileReference; lastKnownFileType = text.plist.xml; path = Info.plist; sourceTree = "<group>"; };
		F98473A41CC416CE00379B39 /* HappyShopUITests.xctest */ = {isa = PBXFileReference; explicitFileType = wrapper.cfbundle; includeInIndex = 0; path = HappyShopUITests.xctest; sourceTree = BUILT_PRODUCTS_DIR; };
		F98473A81CC416CE00379B39 /* HappyShopUITests.swift */ = {isa = PBXFileReference; lastKnownFileType = sourcecode.swift; path = HappyShopUITests.swift; sourceTree = "<group>"; };
		F98473AA1CC416CE00379B39 /* Info.plist */ = {isa = PBXFileReference; lastKnownFileType = text.plist.xml; path = Info.plist; sourceTree = "<group>"; };
		F98473B71CC418B400379B39 /* AppDelegate.swift */ = {isa = PBXFileReference; fileEncoding = 4; lastKnownFileType = sourcecode.swift; path = AppDelegate.swift; sourceTree = "<group>"; };
		F98473B91CC418B400379B39 /* HomeViewController.swift */ = {isa = PBXFileReference; fileEncoding = 4; lastKnownFileType = sourcecode.swift; path = HomeViewController.swift; sourceTree = "<group>"; };
		F98473BC1CC418B400379B39 /* Assets.xcassets */ = {isa = PBXFileReference; lastKnownFileType = folder.assetcatalog; path = Assets.xcassets; sourceTree = "<group>"; };
		F98473BE1CC418B400379B39 /* Base */ = {isa = PBXFileReference; lastKnownFileType = file.storyboard; name = Base; path = Base.lproj/LaunchScreen.storyboard; sourceTree = "<group>"; };
		F98473C01CC418B400379B39 /* Base */ = {isa = PBXFileReference; lastKnownFileType = file.storyboard; name = Base; path = Base.lproj/Main.storyboard; sourceTree = "<group>"; };
		F98473CA1CC4191700379B39 /* Bridging_Header.h */ = {isa = PBXFileReference; lastKnownFileType = sourcecode.c.h; path = Bridging_Header.h; sourceTree = "<group>"; };
		F98473CB1CC419AB00379B39 /* Info.plist */ = {isa = PBXFileReference; fileEncoding = 4; lastKnownFileType = text.plist.xml; path = Info.plist; sourceTree = "<group>"; };
		F98473CD1CC41A8300379B39 /* BaseViewController.swift */ = {isa = PBXFileReference; fileEncoding = 4; lastKnownFileType = sourcecode.swift; path = BaseViewController.swift; sourceTree = "<group>"; };
		F98473CF1CC41C2C00379B39 /* Constants.swift */ = {isa = PBXFileReference; fileEncoding = 4; lastKnownFileType = sourcecode.swift; path = Constants.swift; sourceTree = "<group>"; };
		F98473D81CC4264600379B39 /* UIAlertView+Custom.swift */ = {isa = PBXFileReference; fileEncoding = 4; lastKnownFileType = sourcecode.swift; path = "UIAlertView+Custom.swift"; sourceTree = "<group>"; };
		F98473EA1CC426D300379B39 /* ProductsCollectionCell.swift */ = {isa = PBXFileReference; fileEncoding = 4; lastKnownFileType = sourcecode.swift; path = ProductsCollectionCell.swift; sourceTree = "<group>"; };
		F98473EB1CC426D300379B39 /* ProductsCollectionCell.xib */ = {isa = PBXFileReference; fileEncoding = 4; lastKnownFileType = file.xib; path = ProductsCollectionCell.xib; sourceTree = "<group>"; };
		F98473EE1CC426F100379B39 /* CategoriesCollectionCell.swift */ = {isa = PBXFileReference; fileEncoding = 4; lastKnownFileType = sourcecode.swift; path = CategoriesCollectionCell.swift; sourceTree = "<group>"; };
		F98473EF1CC426F100379B39 /* CategoriesCollectionCell.xib */ = {isa = PBXFileReference; fileEncoding = 4; lastKnownFileType = file.xib; path = CategoriesCollectionCell.xib; sourceTree = "<group>"; };
		F98473F21CC4271700379B39 /* CategoriesCollectionView.swift */ = {isa = PBXFileReference; fileEncoding = 4; lastKnownFileType = sourcecode.swift; path = CategoriesCollectionView.swift; sourceTree = "<group>"; };
		F98473F41CC4272900379B39 /* ProductsCollectionView.swift */ = {isa = PBXFileReference; fileEncoding = 4; lastKnownFileType = sourcecode.swift; path = ProductsCollectionView.swift; sourceTree = "<group>"; };
		F98473F61CC4278100379B39 /* ProductsTableView.swift */ = {isa = PBXFileReference; fileEncoding = 4; lastKnownFileType = sourcecode.swift; path = ProductsTableView.swift; sourceTree = "<group>"; };
		F98473F81CC4279E00379B39 /* ProductsTableCell.swift */ = {isa = PBXFileReference; fileEncoding = 4; lastKnownFileType = sourcecode.swift; path = ProductsTableCell.swift; sourceTree = "<group>"; };
		F98473FC1CC4964D00379B39 /* DataManager.swift */ = {isa = PBXFileReference; fileEncoding = 4; lastKnownFileType = sourcecode.swift; path = DataManager.swift; sourceTree = "<group>"; };
		F98473FE1CC4967000379B39 /* NetworkManager.swift */ = {isa = PBXFileReference; fileEncoding = 4; lastKnownFileType = sourcecode.swift; path = NetworkManager.swift; sourceTree = "<group>"; };
		F98474011CC4B7B400379B39 /* Protocols.swift */ = {isa = PBXFileReference; fileEncoding = 4; lastKnownFileType = sourcecode.swift; path = Protocols.swift; sourceTree = "<group>"; };
		F9CE3FA11CC8099300751B0C /* ProductsTableCell.xib */ = {isa = PBXFileReference; fileEncoding = 4; lastKnownFileType = file.xib; path = ProductsTableCell.xib; sourceTree = "<group>"; };
		F9DEAE5C1CC6962F0074396C /* ProductViewController.swift */ = {isa = PBXFileReference; fileEncoding = 4; lastKnownFileType = sourcecode.swift; path = ProductViewController.swift; sourceTree = "<group>"; };
		F9EA98421CC5443700969B6B /* ProductsViewController.swift */ = {isa = PBXFileReference; fileEncoding = 4; lastKnownFileType = sourcecode.swift; path = ProductsViewController.swift; sourceTree = "<group>"; };
		F9EA98441CC55CA000969B6B /* UIScrollView+Custom.swift */ = {isa = PBXFileReference; fileEncoding = 4; lastKnownFileType = sourcecode.swift; path = "UIScrollView+Custom.swift"; sourceTree = "<group>"; };
/* End PBXFileReference section */

/* Begin PBXFrameworksBuildPhase section */
		F98473821CC416CE00379B39 /* Frameworks */ = {
			isa = PBXFrameworksBuildPhase;
			buildActionMask = 2147483647;
			files = (
				A7720425122B1872667D5F9B /* Pods_HappyShop.framework in Frameworks */,
			);
			runOnlyForDeploymentPostprocessing = 0;
		};
		F98473961CC416CE00379B39 /* Frameworks */ = {
			isa = PBXFrameworksBuildPhase;
			buildActionMask = 2147483647;
			files = (
			);
			runOnlyForDeploymentPostprocessing = 0;
		};
		F98473A11CC416CE00379B39 /* Frameworks */ = {
			isa = PBXFrameworksBuildPhase;
			buildActionMask = 2147483647;
			files = (
			);
			runOnlyForDeploymentPostprocessing = 0;
		};
/* End PBXFrameworksBuildPhase section */

/* Begin PBXGroup section */
		9C0EC8427D47C52F2E7C03C4 /* Frameworks */ = {
			isa = PBXGroup;
			children = (
				966277FAEE92D99705AF534F /* Pods_HappyShop.framework */,
			);
			name = Frameworks;
			sourceTree = "<group>";
		};
		C7F5941E5D0AEA704919B3E4 /* Pods */ = {
			isa = PBXGroup;
			children = (
				AF3BFCAB0B42DFAF33B2BFCD /* Pods-HappyShop.debug.xcconfig */,
				38699FE29B4755F38C522088 /* Pods-HappyShop.release.xcconfig */,
			);
			name = Pods;
			sourceTree = "<group>";
		};
		F984737C1CC416CE00379B39 = {
			isa = PBXGroup;
			children = (
				F98473CA1CC4191700379B39 /* Bridging_Header.h */,
				F98473B61CC418B400379B39 /* HappyShop */,
				F984739C1CC416CE00379B39 /* HappyShopTests */,
				F98473A71CC416CE00379B39 /* HappyShopUITests */,
				F98473861CC416CE00379B39 /* Products */,
				C7F5941E5D0AEA704919B3E4 /* Pods */,
				9C0EC8427D47C52F2E7C03C4 /* Frameworks */,
			);
			sourceTree = "<group>";
		};
		F98473861CC416CE00379B39 /* Products */ = {
			isa = PBXGroup;
			children = (
				F98473851CC416CE00379B39 /* HappyShop.app */,
				F98473991CC416CE00379B39 /* HappyShopTests.xctest */,
				F98473A41CC416CE00379B39 /* HappyShopUITests.xctest */,
			);
			name = Products;
			sourceTree = "<group>";
		};
		F984739C1CC416CE00379B39 /* HappyShopTests */ = {
			isa = PBXGroup;
			children = (
				F984739D1CC416CE00379B39 /* HappyShopTests.swift */,
				F984739F1CC416CE00379B39 /* Info.plist */,
			);
			path = HappyShopTests;
			sourceTree = "<group>";
		};
		F98473A71CC416CE00379B39 /* HappyShopUITests */ = {
			isa = PBXGroup;
			children = (
				F98473A81CC416CE00379B39 /* HappyShopUITests.swift */,
				F98473AA1CC416CE00379B39 /* Info.plist */,
			);
			path = HappyShopUITests;
			sourceTree = "<group>";
		};
		F98473B61CC418B400379B39 /* HappyShop */ = {
			isa = PBXGroup;
			children = (
				F98473CB1CC419AB00379B39 /* Info.plist */,
				F98473B71CC418B400379B39 /* AppDelegate.swift */,
				F98473B81CC418B400379B39 /* Controllers */,
				F98473BA1CC418B400379B39 /* Models */,
				F98473BB1CC418B400379B39 /* Resources */,
				F98473C31CC418B400379B39 /* Views */,
			);
			path = HappyShop;
			sourceTree = "<group>";
		};
		F98473B81CC418B400379B39 /* Controllers */ = {
			isa = PBXGroup;
			children = (
				F98473B91CC418B400379B39 /* HomeViewController.swift */,
				F98473CD1CC41A8300379B39 /* BaseViewController.swift */,
				F9EA98421CC5443700969B6B /* ProductsViewController.swift */,
				F9DEAE5C1CC6962F0074396C /* ProductViewController.swift */,
			);
			path = Controllers;
			sourceTree = "<group>";
		};
		F98473BA1CC418B400379B39 /* Models */ = {
			isa = PBXGroup;
			children = (
				F98473CF1CC41C2C00379B39 /* Constants.swift */,
				F98473FC1CC4964D00379B39 /* DataManager.swift */,
				F98473FE1CC4967000379B39 /* NetworkManager.swift */,
				F98474001CC4B78000379B39 /* Protocols */,
			);
			path = Models;
			sourceTree = "<group>";
		};
		F98473BB1CC418B400379B39 /* Resources */ = {
			isa = PBXGroup;
			children = (
				F98473BC1CC418B400379B39 /* Assets.xcassets */,
				F98473BD1CC418B400379B39 /* LaunchScreen.storyboard */,
				F98473BF1CC418B400379B39 /* Main.storyboard */,
				F98473C11CC418B400379B39 /* Images */,
			);
			path = Resources;
			sourceTree = "<group>";
		};
		F98473C11CC418B400379B39 /* Images */ = {
			isa = PBXGroup;
			children = (
				F97E619B1CC785AC004488F1 /* placeholder.png */,
				F92B1C511CC80093008251B3 /* backArrow.png */,
				F92B1C521CC80093008251B3 /* listIcon.png */,
				F92B1C531CC80093008251B3 /* gridIcon.png */,
			);
			path = Images;
			sourceTree = "<group>";
		};
		F98473C31CC418B400379B39 /* Views */ = {
			isa = PBXGroup;
			children = (
				F98473D31CC4264600379B39 /* CollectionView */,
				F98473D71CC4264600379B39 /* Extensions */,
				F98473D91CC4264600379B39 /* TableView */,
			);
			path = Views;
			sourceTree = "<group>";
		};
		F98473D31CC4264600379B39 /* CollectionView */ = {
			isa = PBXGroup;
			children = (
				F98473EA1CC426D300379B39 /* ProductsCollectionCell.swift */,
				F98473EB1CC426D300379B39 /* ProductsCollectionCell.xib */,
				F98473F41CC4272900379B39 /* ProductsCollectionView.swift */,
				F98473EE1CC426F100379B39 /* CategoriesCollectionCell.swift */,
				F98473EF1CC426F100379B39 /* CategoriesCollectionCell.xib */,
				F98473F21CC4271700379B39 /* CategoriesCollectionView.swift */,
			);
			path = CollectionView;
			sourceTree = "<group>";
		};
		F98473D71CC4264600379B39 /* Extensions */ = {
			isa = PBXGroup;
			children = (
				F98473D81CC4264600379B39 /* UIAlertView+Custom.swift */,
				F9EA98441CC55CA000969B6B /* UIScrollView+Custom.swift */,
			);
			path = Extensions;
			sourceTree = "<group>";
		};
		F98473D91CC4264600379B39 /* TableView */ = {
			isa = PBXGroup;
			children = (
				F98473F61CC4278100379B39 /* ProductsTableView.swift */,
				F98473F81CC4279E00379B39 /* ProductsTableCell.swift */,
				F9CE3FA11CC8099300751B0C /* ProductsTableCell.xib */,
			);
			path = TableView;
			sourceTree = "<group>";
		};
		F98474001CC4B78000379B39 /* Protocols */ = {
			isa = PBXGroup;
			children = (
				F98474011CC4B7B400379B39 /* Protocols.swift */,
			);
			path = Protocols;
			sourceTree = "<group>";
		};
/* End PBXGroup section */

/* Begin PBXNativeTarget section */
		F98473841CC416CE00379B39 /* HappyShop */ = {
			isa = PBXNativeTarget;
			buildConfigurationList = F98473AD1CC416CE00379B39 /* Build configuration list for PBXNativeTarget "HappyShop" */;
			buildPhases = (
				9E0AA29FFEB42D39C8B2E42F /* Check Pods Manifest.lock */,
				F98473811CC416CE00379B39 /* Sources */,
				F98473821CC416CE00379B39 /* Frameworks */,
				F98473831CC416CE00379B39 /* Resources */,
				A64B95F1087DC55126A884EF /* Embed Pods Frameworks */,
				D7637D435CF7BCDA65CF2C66 /* Copy Pods Resources */,
			);
			buildRules = (
			);
			dependencies = (
			);
			name = HappyShop;
			productName = HappyShop;
			productReference = F98473851CC416CE00379B39 /* HappyShop.app */;
			productType = "com.apple.product-type.application";
		};
		F98473981CC416CE00379B39 /* HappyShopTests */ = {
			isa = PBXNativeTarget;
			buildConfigurationList = F98473B01CC416CE00379B39 /* Build configuration list for PBXNativeTarget "HappyShopTests" */;
			buildPhases = (
				F98473951CC416CE00379B39 /* Sources */,
				F98473961CC416CE00379B39 /* Frameworks */,
				F98473971CC416CE00379B39 /* Resources */,
			);
			buildRules = (
			);
			dependencies = (
				F984739B1CC416CE00379B39 /* PBXTargetDependency */,
			);
			name = HappyShopTests;
			productName = HappyShopTests;
			productReference = F98473991CC416CE00379B39 /* HappyShopTests.xctest */;
			productType = "com.apple.product-type.bundle.unit-test";
		};
		F98473A31CC416CE00379B39 /* HappyShopUITests */ = {
			isa = PBXNativeTarget;
			buildConfigurationList = F98473B31CC416CE00379B39 /* Build configuration list for PBXNativeTarget "HappyShopUITests" */;
			buildPhases = (
				F98473A01CC416CE00379B39 /* Sources */,
				F98473A11CC416CE00379B39 /* Frameworks */,
				F98473A21CC416CE00379B39 /* Resources */,
			);
			buildRules = (
			);
			dependencies = (
				F98473A61CC416CE00379B39 /* PBXTargetDependency */,
			);
			name = HappyShopUITests;
			productName = HappyShopUITests;
			productReference = F98473A41CC416CE00379B39 /* HappyShopUITests.xctest */;
			productType = "com.apple.product-type.bundle.ui-testing";
		};
/* End PBXNativeTarget section */

/* Begin PBXProject section */
		F984737D1CC416CE00379B39 /* Project object */ = {
			isa = PBXProject;
			attributes = {
				LastSwiftUpdateCheck = 0720;
				LastUpgradeCheck = 0720;
				ORGANIZATIONNAME = Suresh;
				TargetAttributes = {
					F98473841CC416CE00379B39 = {
						CreatedOnToolsVersion = 7.2;
					};
					F98473981CC416CE00379B39 = {
						CreatedOnToolsVersion = 7.2;
						TestTargetID = F98473841CC416CE00379B39;
					};
					F98473A31CC416CE00379B39 = {
						CreatedOnToolsVersion = 7.2;
						TestTargetID = F98473841CC416CE00379B39;
					};
				};
			};
			buildConfigurationList = F98473801CC416CE00379B39 /* Build configuration list for PBXProject "HappyShop" */;
			compatibilityVersion = "Xcode 3.2";
			developmentRegion = English;
			hasScannedForEncodings = 0;
			knownRegions = (
				en,
				Base,
			);
			mainGroup = F984737C1CC416CE00379B39;
			productRefGroup = F98473861CC416CE00379B39 /* Products */;
			projectDirPath = "";
			projectRoot = "";
			targets = (
				F98473841CC416CE00379B39 /* HappyShop */,
				F98473981CC416CE00379B39 /* HappyShopTests */,
				F98473A31CC416CE00379B39 /* HappyShopUITests */,
			);
		};
/* End PBXProject section */

/* Begin PBXResourcesBuildPhase section */
		F98473831CC416CE00379B39 /* Resources */ = {
			isa = PBXResourcesBuildPhase;
			buildActionMask = 2147483647;
			files = (
				F98473CC1CC419AB00379B39 /* Info.plist in Resources */,
				F9CE3FA21CC8099300751B0C /* ProductsTableCell.xib in Resources */,
				F98473C81CC418B400379B39 /* Main.storyboard in Resources */,
				F92B1C561CC80093008251B3 /* gridIcon.png in Resources */,
				F98473C61CC418B400379B39 /* Assets.xcassets in Resources */,
				F98473ED1CC426D300379B39 /* ProductsCollectionCell.xib in Resources */,
				F92B1C551CC80093008251B3 /* listIcon.png in Resources */,
				F98473C71CC418B400379B39 /* LaunchScreen.storyboard in Resources */,
				F97E619C1CC785AC004488F1 /* placeholder.png in Resources */,
				F92B1C541CC80093008251B3 /* backArrow.png in Resources */,
				F98473F11CC426F100379B39 /* CategoriesCollectionCell.xib in Resources */,
			);
			runOnlyForDeploymentPostprocessing = 0;
		};
		F98473971CC416CE00379B39 /* Resources */ = {
			isa = PBXResourcesBuildPhase;
			buildActionMask = 2147483647;
			files = (
			);
			runOnlyForDeploymentPostprocessing = 0;
		};
		F98473A21CC416CE00379B39 /* Resources */ = {
			isa = PBXResourcesBuildPhase;
			buildActionMask = 2147483647;
			files = (
			);
			runOnlyForDeploymentPostprocessing = 0;
		};
/* End PBXResourcesBuildPhase section */

/* Begin PBXShellScriptBuildPhase section */
		9E0AA29FFEB42D39C8B2E42F /* Check Pods Manifest.lock */ = {
			isa = PBXShellScriptBuildPhase;
			buildActionMask = 2147483647;
			files = (
			);
			inputPaths = (
			);
			name = "Check Pods Manifest.lock";
			outputPaths = (
			);
			runOnlyForDeploymentPostprocessing = 0;
			shellPath = /bin/sh;
			shellScript = "diff \"${PODS_ROOT}/../Podfile.lock\" \"${PODS_ROOT}/Manifest.lock\" > /dev/null\nif [[ $? != 0 ]] ; then\n    cat << EOM\nerror: The sandbox is not in sync with the Podfile.lock. Run 'pod install' or update your CocoaPods installation.\nEOM\n    exit 1\nfi\n";
			showEnvVarsInLog = 0;
		};
		A64B95F1087DC55126A884EF /* Embed Pods Frameworks */ = {
			isa = PBXShellScriptBuildPhase;
			buildActionMask = 2147483647;
			files = (
			);
			inputPaths = (
			);
			name = "Embed Pods Frameworks";
			outputPaths = (
			);
			runOnlyForDeploymentPostprocessing = 0;
			shellPath = /bin/sh;
			shellScript = "\"${SRCROOT}/Pods/Target Support Files/Pods-HappyShop/Pods-HappyShop-frameworks.sh\"\n";
			showEnvVarsInLog = 0;
		};
		D7637D435CF7BCDA65CF2C66 /* Copy Pods Resources */ = {
			isa = PBXShellScriptBuildPhase;
			buildActionMask = 2147483647;
			files = (
			);
			inputPaths = (
			);
			name = "Copy Pods Resources";
			outputPaths = (
			);
			runOnlyForDeploymentPostprocessing = 0;
			shellPath = /bin/sh;
			shellScript = "\"${SRCROOT}/Pods/Target Support Files/Pods-HappyShop/Pods-HappyShop-resources.sh\"\n";
			showEnvVarsInLog = 0;
		};
/* End PBXShellScriptBuildPhase section */

/* Begin PBXSourcesBuildPhase section */
		F98473811CC416CE00379B39 /* Sources */ = {
			isa = PBXSourcesBuildPhase;
			buildActionMask = 2147483647;
			files = (
				F98473C41CC418B400379B39 /* AppDelegate.swift in Sources */,
				F98473FD1CC4964D00379B39 /* DataManager.swift in Sources */,
				F9EA98451CC55CA000969B6B /* UIScrollView+Custom.swift in Sources */,
				F98473F71CC4278100379B39 /* ProductsTableView.swift in Sources */,
				F9DEAE5D1CC6962F0074396C /* ProductViewController.swift in Sources */,
				F98473FF1CC4967000379B39 /* NetworkManager.swift in Sources */,
				F98473E31CC4264600379B39 /* UIAlertView+Custom.swift in Sources */,
				F98473C51CC418B400379B39 /* HomeViewController.swift in Sources */,
				F98473EC1CC426D300379B39 /* ProductsCollectionCell.swift in Sources */,
				F98473CE1CC41A8300379B39 /* BaseViewController.swift in Sources */,
				F98473F01CC426F100379B39 /* CategoriesCollectionCell.swift in Sources */,
				F9EA98431CC5443700969B6B /* ProductsViewController.swift in Sources */,
				F98474021CC4B7B400379B39 /* Protocols.swift in Sources */,
				F98473F51CC4272900379B39 /* ProductsCollectionView.swift in Sources */,
				F98473F31CC4271700379B39 /* CategoriesCollectionView.swift in Sources */,
				F98473FA1CC4279E00379B39 /* ProductsTableCell.swift in Sources */,
				F98473D01CC41C2C00379B39 /* Constants.swift in Sources */,
			);
			runOnlyForDeploymentPostprocessing = 0;
		};
		F98473951CC416CE00379B39 /* Sources */ = {
			isa = PBXSourcesBuildPhase;
			buildActionMask = 2147483647;
			files = (
				F984739E1CC416CE00379B39 /* HappyShopTests.swift in Sources */,
			);
			runOnlyForDeploymentPostprocessing = 0;
		};
		F98473A01CC416CE00379B39 /* Sources */ = {
			isa = PBXSourcesBuildPhase;
			buildActionMask = 2147483647;
			files = (
				F98473A91CC416CE00379B39 /* HappyShopUITests.swift in Sources */,
			);
			runOnlyForDeploymentPostprocessing = 0;
		};
/* End PBXSourcesBuildPhase section */

/* Begin PBXTargetDependency section */
		F984739B1CC416CE00379B39 /* PBXTargetDependency */ = {
			isa = PBXTargetDependency;
			target = F98473841CC416CE00379B39 /* HappyShop */;
			targetProxy = F984739A1CC416CE00379B39 /* PBXContainerItemProxy */;
		};
		F98473A61CC416CE00379B39 /* PBXTargetDependency */ = {
			isa = PBXTargetDependency;
			target = F98473841CC416CE00379B39 /* HappyShop */;
			targetProxy = F98473A51CC416CE00379B39 /* PBXContainerItemProxy */;
		};
/* End PBXTargetDependency section */

/* Begin PBXVariantGroup section */
		F98473BD1CC418B400379B39 /* LaunchScreen.storyboard */ = {
			isa = PBXVariantGroup;
			children = (
				F98473BE1CC418B400379B39 /* Base */,
			);
			name = LaunchScreen.storyboard;
			sourceTree = "<group>";
		};
		F98473BF1CC418B400379B39 /* Main.storyboard */ = {
			isa = PBXVariantGroup;
			children = (
				F98473C01CC418B400379B39 /* Base */,
			);
			name = Main.storyboard;
			sourceTree = "<group>";
		};
/* End PBXVariantGroup section */

/* Begin XCBuildConfiguration section */
		F98473AB1CC416CE00379B39 /* Debug */ = {
			isa = XCBuildConfiguration;
			buildSettings = {
				ALWAYS_SEARCH_USER_PATHS = NO;
				CLANG_CXX_LANGUAGE_STANDARD = "gnu++0x";
				CLANG_CXX_LIBRARY = "libc++";
				CLANG_ENABLE_MODULES = YES;
				CLANG_ENABLE_OBJC_ARC = YES;
				CLANG_WARN_BOOL_CONVERSION = YES;
				CLANG_WARN_CONSTANT_CONVERSION = YES;
				CLANG_WARN_DIRECT_OBJC_ISA_USAGE = YES_ERROR;
				CLANG_WARN_EMPTY_BODY = YES;
				CLANG_WARN_ENUM_CONVERSION = YES;
				CLANG_WARN_INT_CONVERSION = YES;
				CLANG_WARN_OBJC_ROOT_CLASS = YES_ERROR;
				CLANG_WARN_UNREACHABLE_CODE = YES;
				CLANG_WARN__DUPLICATE_METHOD_MATCH = YES;
				"CODE_SIGN_IDENTITY[sdk=iphoneos*]" = "iPhone Developer";
				COPY_PHASE_STRIP = NO;
				DEBUG_INFORMATION_FORMAT = dwarf;
				ENABLE_STRICT_OBJC_MSGSEND = YES;
				ENABLE_TESTABILITY = YES;
				GCC_C_LANGUAGE_STANDARD = gnu99;
				GCC_DYNAMIC_NO_PIC = NO;
				GCC_NO_COMMON_BLOCKS = YES;
				GCC_OPTIMIZATION_LEVEL = 0;
				GCC_PREPROCESSOR_DEFINITIONS = (
					"DEBUG=1",
					"$(inherited)",
				);
				GCC_WARN_64_TO_32_BIT_CONVERSION = YES;
				GCC_WARN_ABOUT_RETURN_TYPE = YES_ERROR;
				GCC_WARN_UNDECLARED_SELECTOR = YES;
				GCC_WARN_UNINITIALIZED_AUTOS = YES_AGGRESSIVE;
				GCC_WARN_UNUSED_FUNCTION = YES;
				GCC_WARN_UNUSED_VARIABLE = YES;
				IPHONEOS_DEPLOYMENT_TARGET = 8.4;
				MTL_ENABLE_DEBUG_INFO = YES;
				ONLY_ACTIVE_ARCH = YES;
				SDKROOT = iphoneos;
				SWIFT_OPTIMIZATION_LEVEL = "-Onone";
			};
			name = Debug;
		};
		F98473AC1CC416CE00379B39 /* Release */ = {
			isa = XCBuildConfiguration;
			buildSettings = {
				ALWAYS_SEARCH_USER_PATHS = NO;
				CLANG_CXX_LANGUAGE_STANDARD = "gnu++0x";
				CLANG_CXX_LIBRARY = "libc++";
				CLANG_ENABLE_MODULES = YES;
				CLANG_ENABLE_OBJC_ARC = YES;
				CLANG_WARN_BOOL_CONVERSION = YES;
				CLANG_WARN_CONSTANT_CONVERSION = YES;
				CLANG_WARN_DIRECT_OBJC_ISA_USAGE = YES_ERROR;
				CLANG_WARN_EMPTY_BODY = YES;
				CLANG_WARN_ENUM_CONVERSION = YES;
				CLANG_WARN_INT_CONVERSION = YES;
				CLANG_WARN_OBJC_ROOT_CLASS = YES_ERROR;
				CLANG_WARN_UNREACHABLE_CODE = YES;
				CLANG_WARN__DUPLICATE_METHOD_MATCH = YES;
				"CODE_SIGN_IDENTITY[sdk=iphoneos*]" = "iPhone Developer";
				COPY_PHASE_STRIP = NO;
				DEBUG_INFORMATION_FORMAT = "dwarf-with-dsym";
				ENABLE_NS_ASSERTIONS = NO;
				ENABLE_STRICT_OBJC_MSGSEND = YES;
				GCC_C_LANGUAGE_STANDARD = gnu99;
				GCC_NO_COMMON_BLOCKS = YES;
				GCC_WARN_64_TO_32_BIT_CONVERSION = YES;
				GCC_WARN_ABOUT_RETURN_TYPE = YES_ERROR;
				GCC_WARN_UNDECLARED_SELECTOR = YES;
				GCC_WARN_UNINITIALIZED_AUTOS = YES_AGGRESSIVE;
				GCC_WARN_UNUSED_FUNCTION = YES;
				GCC_WARN_UNUSED_VARIABLE = YES;
				IPHONEOS_DEPLOYMENT_TARGET = 8.4;
				MTL_ENABLE_DEBUG_INFO = NO;
				SDKROOT = iphoneos;
				VALIDATE_PRODUCT = YES;
			};
			name = Release;
		};
		F98473AE1CC416CE00379B39 /* Debug */ = {
			isa = XCBuildConfiguration;
			baseConfigurationReference = AF3BFCAB0B42DFAF33B2BFCD /* Pods-HappyShop.debug.xcconfig */;
			buildSettings = {
				ASSETCATALOG_COMPILER_APPICON_NAME = AppIcon;
				ASSETCATALOG_COMPILER_LAUNCHIMAGE_NAME = "Brand Assets";
				INFOPLIST_FILE = HappyShop/Info.plist;
				LD_RUNPATH_SEARCH_PATHS = "$(inherited) @executable_path/Frameworks";
				PRODUCT_BUNDLE_IDENTIFIER = com.self.HappyShop;
				PRODUCT_NAME = "$(TARGET_NAME)";
				SWIFT_OBJC_BRIDGING_HEADER = "$(PROJECT_DIR)/Bridging_Header.h";
			};
			name = Debug;
		};
		F98473AF1CC416CE00379B39 /* Release */ = {
			isa = XCBuildConfiguration;
			baseConfigurationReference = 38699FE29B4755F38C522088 /* Pods-HappyShop.release.xcconfig */;
			buildSettings = {
				ASSETCATALOG_COMPILER_APPICON_NAME = AppIcon;
				ASSETCATALOG_COMPILER_LAUNCHIMAGE_NAME = "Brand Assets";
				INFOPLIST_FILE = HappyShop/Info.plist;
				LD_RUNPATH_SEARCH_PATHS = "$(inherited) @executable_path/Frameworks";
				PRODUCT_BUNDLE_IDENTIFIER = com.self.HappyShop;
				PRODUCT_NAME = "$(TARGET_NAME)";
				SWIFT_OBJC_BRIDGING_HEADER = "$(PROJECT_DIR)/Bridging_Header.h";
			};
			name = Release;
		};
		F98473B11CC416CE00379B39 /* Debug */ = {
			isa = XCBuildConfiguration;
			buildSettings = {
				BUNDLE_LOADER = "$(TEST_HOST)";
				INFOPLIST_FILE = HappyShopTests/Info.plist;
				LD_RUNPATH_SEARCH_PATHS = "$(inherited) @executable_path/Frameworks @loader_path/Frameworks";
				PRODUCT_BUNDLE_IDENTIFIER = com.self.HappyShopTests;
				PRODUCT_NAME = "$(TARGET_NAME)";
				TEST_HOST = "$(BUILT_PRODUCTS_DIR)/HappyShop.app/HappyShop";
			};
			name = Debug;
		};
		F98473B21CC416CE00379B39 /* Release */ = {
			isa = XCBuildConfiguration;
			buildSettings = {
				BUNDLE_LOADER = "$(TEST_HOST)";
				INFOPLIST_FILE = HappyShopTests/Info.plist;
				LD_RUNPATH_SEARCH_PATHS = "$(inherited) @executable_path/Frameworks @loader_path/Frameworks";
				PRODUCT_BUNDLE_IDENTIFIER = com.self.HappyShopTests;
				PRODUCT_NAME = "$(TARGET_NAME)";
				TEST_HOST = "$(BUILT_PRODUCTS_DIR)/HappyShop.app/HappyShop";
			};
			name = Release;
		};
		F98473B41CC416CE00379B39 /* Debug */ = {
			isa = XCBuildConfiguration;
			buildSettings = {
				INFOPLIST_FILE = HappyShopUITests/Info.plist;
				LD_RUNPATH_SEARCH_PATHS = "$(inherited) @executable_path/Frameworks @loader_path/Frameworks";
				PRODUCT_BUNDLE_IDENTIFIER = com.self.HappyShopUITests;
				PRODUCT_NAME = "$(TARGET_NAME)";
				TEST_TARGET_NAME = HappyShop;
				USES_XCTRUNNER = YES;
			};
			name = Debug;
		};
		F98473B51CC416CE00379B39 /* Release */ = {
			isa = XCBuildConfiguration;
			buildSettings = {
				INFOPLIST_FILE = HappyShopUITests/Info.plist;
				LD_RUNPATH_SEARCH_PATHS = "$(inherited) @executable_path/Frameworks @loader_path/Frameworks";
				PRODUCT_BUNDLE_IDENTIFIER = com.self.HappyShopUITests;
				PRODUCT_NAME = "$(TARGET_NAME)";
				TEST_TARGET_NAME = HappyShop;
				USES_XCTRUNNER = YES;
			};
			name = Release;
		};
/* End XCBuildConfiguration section */

/* Begin XCConfigurationList section */
		F98473801CC416CE00379B39 /* Build configuration list for PBXProject "HappyShop" */ = {
			isa = XCConfigurationList;
			buildConfigurations = (
				F98473AB1CC416CE00379B39 /* Debug */,
				F98473AC1CC416CE00379B39 /* Release */,
			);
			defaultConfigurationIsVisible = 0;
			defaultConfigurationName = Release;
		};
		F98473AD1CC416CE00379B39 /* Build configuration list for PBXNativeTarget "HappyShop" */ = {
			isa = XCConfigurationList;
			buildConfigurations = (
				F98473AE1CC416CE00379B39 /* Debug */,
				F98473AF1CC416CE00379B39 /* Release */,
			);
			defaultConfigurationIsVisible = 0;
			defaultConfigurationName = Release;
		};
		F98473B01CC416CE00379B39 /* Build configuration list for PBXNativeTarget "HappyShopTests" */ = {
			isa = XCConfigurationList;
			buildConfigurations = (
				F98473B11CC416CE00379B39 /* Debug */,
				F98473B21CC416CE00379B39 /* Release */,
			);
			defaultConfigurationIsVisible = 0;
			defaultConfigurationName = Release;
		};
		F98473B31CC416CE00379B39 /* Build configuration list for PBXNativeTarget "HappyShopUITests" */ = {
			isa = XCConfigurationList;
			buildConfigurations = (
				F98473B41CC416CE00379B39 /* Debug */,
				F98473B51CC416CE00379B39 /* Release */,
			);
			defaultConfigurationIsVisible = 0;
			defaultConfigurationName = Release;
		};
/* End XCConfigurationList section */
	};
	rootObject = F984737D1CC416CE00379B39 /* Project object */;
}
