// !$*UTF8*$!
{
	archiveVersion = 1;
	classes = {
	};
	objectVersion = 47;
	objects = {

/* Begin PBXBuildFile section */
		A7720425122B1872667D5F9B /* Pods_HappyShop.framework in Frameworks */ = {isa = PBXBuildFile; fileRef = 966277FAEE92D99705AF534F /* Pods_HappyShop.framework */; };
		F984739E1CC416CE00379B39 /* HappyShopTests.swift in Sources */ = {isa = PBXBuildFile; fileRef = F984739D1CC416CE00379B39 /* HappyShopTests.swift */; };
		F98473A91CC416CE00379B39 /* HappyShopUITests.swift in Sources */ = {isa = PBXBuildFile; fileRef = F98473A81CC416CE00379B39 /* HappyShopUITests.swift */; };
		F9F0AE081CCBFF22008BD59E /* DataManagerTests.swift in Sources */ = {isa = PBXBuildFile; fileRef = F9F0AE071CCBFF22008BD59E /* DataManagerTests.swift */; };
		F9F0AE0A1CCC0610008BD59E /* NetworkManagerTests.swift in Sources */ = {isa = PBXBuildFile; fileRef = F9F0AE091CCC0610008BD59E /* NetworkManagerTests.swift */; };
		F9F0AE3E1CCC0F55008BD59E /* AppDelegate.swift in Sources */ = {isa = PBXBuildFile; fileRef = F9F0AE0D1CCC0F55008BD59E /* AppDelegate.swift */; };
		F9F0AE3F1CCC0F55008BD59E /* BaseViewController.swift in Sources */ = {isa = PBXBuildFile; fileRef = F9F0AE0F1CCC0F55008BD59E /* BaseViewController.swift */; };
		F9F0AE401CCC0F55008BD59E /* HomeViewController.swift in Sources */ = {isa = PBXBuildFile; fileRef = F9F0AE101CCC0F55008BD59E /* HomeViewController.swift */; };
		F9F0AE411CCC0F55008BD59E /* ProductsViewController.swift in Sources */ = {isa = PBXBuildFile; fileRef = F9F0AE111CCC0F55008BD59E /* ProductsViewController.swift */; };
		F9F0AE421CCC0F55008BD59E /* ProductViewController.swift in Sources */ = {isa = PBXBuildFile; fileRef = F9F0AE121CCC0F55008BD59E /* ProductViewController.swift */; };
		F9F0AE431CCC0F55008BD59E /* ShoppingBagViewController.swift in Sources */ = {isa = PBXBuildFile; fileRef = F9F0AE131CCC0F55008BD59E /* ShoppingBagViewController.swift */; };
		F9F0AE441CCC0F55008BD59E /* Info.plist in Resources */ = {isa = PBXBuildFile; fileRef = F9F0AE141CCC0F55008BD59E /* Info.plist */; };
		F9F0AE451CCC0F55008BD59E /* Constants.swift in Sources */ = {isa = PBXBuildFile; fileRef = F9F0AE161CCC0F55008BD59E /* Constants.swift */; };
		F9F0AE461CCC0F55008BD59E /* DataManager.swift in Sources */ = {isa = PBXBuildFile; fileRef = F9F0AE171CCC0F55008BD59E /* DataManager.swift */; };
		F9F0AE471CCC0F55008BD59E /* KeyValueDataBaseManager.swift in Sources */ = {isa = PBXBuildFile; fileRef = F9F0AE181CCC0F55008BD59E /* KeyValueDataBaseManager.swift */; };
		F9F0AE481CCC0F55008BD59E /* NetworkManager.swift in Sources */ = {isa = PBXBuildFile; fileRef = F9F0AE191CCC0F55008BD59E /* NetworkManager.swift */; };
		F9F0AE491CCC0F55008BD59E /* Protocols.swift in Sources */ = {isa = PBXBuildFile; fileRef = F9F0AE1B1CCC0F55008BD59E /* Protocols.swift */; };
		F9F0AE4A1CCC0F55008BD59E /* Assets.xcassets in Resources */ = {isa = PBXBuildFile; fileRef = F9F0AE1D1CCC0F55008BD59E /* Assets.xcassets */; };
		F9F0AE4B1CCC0F55008BD59E /* LaunchScreen.storyboard in Resources */ = {isa = PBXBuildFile; fileRef = F9F0AE1E1CCC0F55008BD59E /* LaunchScreen.storyboard */; };
		F9F0AE4C1CCC0F55008BD59E /* Main.storyboard in Resources */ = {isa = PBXBuildFile; fileRef = F9F0AE201CCC0F55008BD59E /* Main.storyboard */; };
		F9F0AE4D1CCC0F55008BD59E /* LocalDB.xcdatamodeld in Sources */ = {isa = PBXBuildFile; fileRef = F9F0AE231CCC0F55008BD59E /* LocalDB.xcdatamodeld */; };
		F9F0AE4E1CCC0F55008BD59E /* backArrow.png in Resources */ = {isa = PBXBuildFile; fileRef = F9F0AE261CCC0F55008BD59E /* backArrow.png */; };
		F9F0AE4F1CCC0F55008BD59E /* gridIcon2.png in Resources */ = {isa = PBXBuildFile; fileRef = F9F0AE271CCC0F55008BD59E /* gridIcon2.png */; };
		F9F0AE501CCC0F55008BD59E /* icon_shop.png in Resources */ = {isa = PBXBuildFile; fileRef = F9F0AE281CCC0F55008BD59E /* icon_shop.png */; };
		F9F0AE511CCC0F55008BD59E /* listIcon.png in Resources */ = {isa = PBXBuildFile; fileRef = F9F0AE291CCC0F55008BD59E /* listIcon.png */; };
		F9F0AE521CCC0F55008BD59E /* placeholder.png in Resources */ = {isa = PBXBuildFile; fileRef = F9F0AE2A1CCC0F55008BD59E /* placeholder.png */; };
		F9F0AE531CCC0F55008BD59E /* CategoriesCollectionCell.swift in Sources */ = {isa = PBXBuildFile; fileRef = F9F0AE2E1CCC0F55008BD59E /* CategoriesCollectionCell.swift */; };
		F9F0AE541CCC0F55008BD59E /* CategoriesCollectionCell.xib in Resources */ = {isa = PBXBuildFile; fileRef = F9F0AE2F1CCC0F55008BD59E /* CategoriesCollectionCell.xib */; };
		F9F0AE551CCC0F55008BD59E /* CategoriesCollectionView.swift in Sources */ = {isa = PBXBuildFile; fileRef = F9F0AE301CCC0F55008BD59E /* CategoriesCollectionView.swift */; };
		F9F0AE561CCC0F55008BD59E /* ProductsCollectionCell.swift in Sources */ = {isa = PBXBuildFile; fileRef = F9F0AE321CCC0F55008BD59E /* ProductsCollectionCell.swift */; };
		F9F0AE571CCC0F55008BD59E /* ProductsCollectionCell.xib in Resources */ = {isa = PBXBuildFile; fileRef = F9F0AE331CCC0F55008BD59E /* ProductsCollectionCell.xib */; };
		F9F0AE581CCC0F55008BD59E /* ProductsCollectionView.swift in Sources */ = {isa = PBXBuildFile; fileRef = F9F0AE341CCC0F55008BD59E /* ProductsCollectionView.swift */; };
		F9F0AE591CCC0F55008BD59E /* UIAlertView+Custom.swift in Sources */ = {isa = PBXBuildFile; fileRef = F9F0AE361CCC0F55008BD59E /* UIAlertView+Custom.swift */; };
		F9F0AE5A1CCC0F56008BD59E /* UIScrollView+Custom.swift in Sources */ = {isa = PBXBuildFile; fileRef = F9F0AE371CCC0F55008BD59E /* UIScrollView+Custom.swift */; };
		F9F0AE5B1CCC0F56008BD59E /* ProductsTableCell.swift in Sources */ = {isa = PBXBuildFile; fileRef = F9F0AE391CCC0F55008BD59E /* ProductsTableCell.swift */; };
		F9F0AE5C1CCC0F56008BD59E /* ProductsTableCell.xib in Resources */ = {isa = PBXBuildFile; fileRef = F9F0AE3A1CCC0F55008BD59E /* ProductsTableCell.xib */; };
		F9F0AE5D1CCC0F56008BD59E /* ProductsTableView.swift in Sources */ = {isa = PBXBuildFile; fileRef = F9F0AE3B1CCC0F55008BD59E /* ProductsTableView.swift */; };
		F9F0AE5E1CCC0F56008BD59E /* ShoppedItemCell.swift in Sources */ = {isa = PBXBuildFile; fileRef = F9F0AE3C1CCC0F55008BD59E /* ShoppedItemCell.swift */; };
		F9F0AE5F1CCC0F56008BD59E /* ShoppedItemCell.xib in Resources */ = {isa = PBXBuildFile; fileRef = F9F0AE3D1CCC0F55008BD59E /* ShoppedItemCell.xib */; };
/* End PBXBuildFile section */

/* Begin PBXContainerItemProxy section */
		F984739A1CC416CE00379B39 /* PBXContainerItemProxy */ = {
			isa = PBXContainerItemProxy;
			containerPortal = F984737D1CC416CE00379B39 /* Project object */;
			proxyType = 1;
			remoteGlobalIDString = F98473841CC416CE00379B39;
			remoteInfo = HappyShop;
		};
		F98473A51CC416CE00379B39 /* PBXContainerItemProxy */ = {
			isa = PBXContainerItemProxy;
			containerPortal = F984737D1CC416CE00379B39 /* Project object */;
			proxyType = 1;
			remoteGlobalIDString = F98473841CC416CE00379B39;
			remoteInfo = HappyShop;
		};
/* End PBXContainerItemProxy section */

/* Begin PBXFileReference section */
		38699FE29B4755F38C522088 /* Pods-HappyShop.release.xcconfig */ = {isa = PBXFileReference; includeInIndex = 1; lastKnownFileType = text.xcconfig; name = "Pods-HappyShop.release.xcconfig"; path = "Pods/Target Support Files/Pods-HappyShop/Pods-HappyShop.release.xcconfig"; sourceTree = "<group>"; };
		966277FAEE92D99705AF534F /* Pods_HappyShop.framework */ = {isa = PBXFileReference; explicitFileType = wrapper.framework; includeInIndex = 0; path = Pods_HappyShop.framework; sourceTree = BUILT_PRODUCTS_DIR; };
		AF3BFCAB0B42DFAF33B2BFCD /* Pods-HappyShop.debug.xcconfig */ = {isa = PBXFileReference; includeInIndex = 1; lastKnownFileType = text.xcconfig; name = "Pods-HappyShop.debug.xcconfig"; path = "Pods/Target Support Files/Pods-HappyShop/Pods-HappyShop.debug.xcconfig"; sourceTree = "<group>"; };
		F98473851CC416CE00379B39 /* HappyShop.app */ = {isa = PBXFileReference; explicitFileType = wrapper.application; includeInIndex = 0; path = HappyShop.app; sourceTree = BUILT_PRODUCTS_DIR; };
		F98473991CC416CE00379B39 /* HappyShopTests.xctest */ = {isa = PBXFileReference; explicitFileType = wrapper.cfbundle; includeInIndex = 0; path = HappyShopTests.xctest; sourceTree = BUILT_PRODUCTS_DIR; };
		F984739D1CC416CE00379B39 /* HappyShopTests.swift */ = {isa = PBXFileReference; lastKnownFileType = sourcecode.swift; path = HappyShopTests.swift; sourceTree = "<group>"; };
		F984739F1CC416CE00379B39 /* Info.plist */ = {isa = PBXFileReference; lastKnownFileType = text.plist.xml; path = Info.plist; sourceTree = "<group>"; };
		F98473A41CC416CE00379B39 /* HappyShopUITests.xctest */ = {isa = PBXFileReference; explicitFileType = wrapper.cfbundle; includeInIndex = 0; path = HappyShopUITests.xctest; sourceTree = BUILT_PRODUCTS_DIR; };
		F98473A81CC416CE00379B39 /* HappyShopUITests.swift */ = {isa = PBXFileReference; lastKnownFileType = sourcecode.swift; path = HappyShopUITests.swift; sourceTree = "<group>"; };
		F98473AA1CC416CE00379B39 /* Info.plist */ = {isa = PBXFileReference; lastKnownFileType = text.plist.xml; path = Info.plist; sourceTree = "<group>"; };
		F98473CA1CC4191700379B39 /* Bridging_Header.h */ = {isa = PBXFileReference; lastKnownFileType = sourcecode.c.h; path = Bridging_Header.h; sourceTree = "<group>"; };
		F9F0AE071CCBFF22008BD59E /* DataManagerTests.swift */ = {isa = PBXFileReference; fileEncoding = 4; lastKnownFileType = sourcecode.swift; path = DataManagerTests.swift; sourceTree = "<group>"; };
		F9F0AE091CCC0610008BD59E /* NetworkManagerTests.swift */ = {isa = PBXFileReference; fileEncoding = 4; lastKnownFileType = sourcecode.swift; path = NetworkManagerTests.swift; sourceTree = "<group>"; };
		F9F0AE0D1CCC0F55008BD59E /* AppDelegate.swift */ = {isa = PBXFileReference; fileEncoding = 4; lastKnownFileType = sourcecode.swift; path = AppDelegate.swift; sourceTree = "<group>"; };
		F9F0AE0F1CCC0F55008BD59E /* BaseViewController.swift */ = {isa = PBXFileReference; fileEncoding = 4; lastKnownFileType = sourcecode.swift; path = BaseViewController.swift; sourceTree = "<group>"; };
		F9F0AE101CCC0F55008BD59E /* HomeViewController.swift */ = {isa = PBXFileReference; fileEncoding = 4; lastKnownFileType = sourcecode.swift; path = HomeViewController.swift; sourceTree = "<group>"; };
		F9F0AE111CCC0F55008BD59E /* ProductsViewController.swift */ = {isa = PBXFileReference; fileEncoding = 4; lastKnownFileType = sourcecode.swift; path = ProductsViewController.swift; sourceTree = "<group>"; };
		F9F0AE121CCC0F55008BD59E /* ProductViewController.swift */ = {isa = PBXFileReference; fileEncoding = 4; lastKnownFileType = sourcecode.swift; path = ProductViewController.swift; sourceTree = "<group>"; };
		F9F0AE131CCC0F55008BD59E /* ShoppingBagViewController.swift */ = {isa = PBXFileReference; fileEncoding = 4; lastKnownFileType = sourcecode.swift; path = ShoppingBagViewController.swift; sourceTree = "<group>"; };
		F9F0AE141CCC0F55008BD59E /* Info.plist */ = {isa = PBXFileReference; fileEncoding = 4; lastKnownFileType = text.plist.xml; path = Info.plist; sourceTree = "<group>"; };
		F9F0AE161CCC0F55008BD59E /* Constants.swift */ = {isa = PBXFileReference; fileEncoding = 4; lastKnownFileType = sourcecode.swift; path = Constants.swift; sourceTree = "<group>"; };
		F9F0AE171CCC0F55008BD59E /* DataManager.swift */ = {isa = PBXFileReference; fileEncoding = 4; lastKnownFileType = sourcecode.swift; path = DataManager.swift; sourceTree = "<group>"; };
		F9F0AE181CCC0F55008BD59E /* KeyValueDataBaseManager.swift */ = {isa = PBXFileReference; fileEncoding = 4; lastKnownFileType = sourcecode.swift; path = KeyValueDataBaseManager.swift; sourceTree = "<group>"; };
		F9F0AE191CCC0F55008BD59E /* NetworkManager.swift */ = {isa = PBXFileReference; fileEncoding = 4; lastKnownFileType = sourcecode.swift; path = NetworkManager.swift; sourceTree = "<group>"; };
		F9F0AE1B1CCC0F55008BD59E /* Protocols.swift */ = {isa = PBXFileReference; fileEncoding = 4; lastKnownFileType = sourcecode.swift; path = Protocols.swift; sourceTree = "<group>"; };
		F9F0AE1D1CCC0F55008BD59E /* Assets.xcassets */ = {isa = PBXFileReference; lastKnownFileType = folder.assetcatalog; path = Assets.xcassets; sourceTree = "<group>"; };
		F9F0AE1F1CCC0F55008BD59E /* Base */ = {isa = PBXFileReference; lastKnownFileType = file.storyboard; name = Base; path = Base.lproj/LaunchScreen.storyboard; sourceTree = "<group>"; };
		F9F0AE211CCC0F55008BD59E /* Base */ = {isa = PBXFileReference; lastKnownFileType = file.storyboard; name = Base; path = Base.lproj/Main.storyboard; sourceTree = "<group>"; };
		F9F0AE241CCC0F55008BD59E /* LocalDB.xcdatamodel */ = {isa = PBXFileReference; lastKnownFileType = wrapper.xcdatamodel; path = LocalDB.xcdatamodel; sourceTree = "<group>"; };
		F9F0AE261CCC0F55008BD59E /* backArrow.png */ = {isa = PBXFileReference; lastKnownFileType = image.png; path = backArrow.png; sourceTree = "<group>"; };
		F9F0AE271CCC0F55008BD59E /* gridIcon2.png */ = {isa = PBXFileReference; lastKnownFileType = image.png; path = gridIcon2.png; sourceTree = "<group>"; };
		F9F0AE281CCC0F55008BD59E /* icon_shop.png */ = {isa = PBXFileReference; lastKnownFileType = image.png; path = icon_shop.png; sourceTree = "<group>"; };
		F9F0AE291CCC0F55008BD59E /* listIcon.png */ = {isa = PBXFileReference; lastKnownFileType = image.png; path = listIcon.png; sourceTree = "<group>"; };
		F9F0AE2A1CCC0F55008BD59E /* placeholder.png */ = {isa = PBXFileReference; lastKnownFileType = image.png; path = placeholder.png; sourceTree = "<group>"; };
		F9F0AE2E1CCC0F55008BD59E /* CategoriesCollectionCell.swift */ = {isa = PBXFileReference; fileEncoding = 4; lastKnownFileType = sourcecode.swift; path = CategoriesCollectionCell.swift; sourceTree = "<group>"; };
		F9F0AE2F1CCC0F55008BD59E /* CategoriesCollectionCell.xib */ = {isa = PBXFileReference; fileEncoding = 4; lastKnownFileType = file.xib; path = CategoriesCollectionCell.xib; sourceTree = "<group>"; };
		F9F0AE301CCC0F55008BD59E /* CategoriesCollectionView.swift */ = {isa = PBXFileReference; fileEncoding = 4; lastKnownFileType = sourcecode.swift; path = CategoriesCollectionView.swift; sourceTree = "<group>"; };
		F9F0AE321CCC0F55008BD59E /* ProductsCollectionCell.swift */ = {isa = PBXFileReference; fileEncoding = 4; lastKnownFileType = sourcecode.swift; path = ProductsCollectionCell.swift; sourceTree = "<group>"; };
		F9F0AE331CCC0F55008BD59E /* ProductsCollectionCell.xib */ = {isa = PBXFileReference; fileEncoding = 4; lastKnownFileType = file.xib; path = ProductsCollectionCell.xib; sourceTree = "<group>"; };
		F9F0AE341CCC0F55008BD59E /* ProductsCollectionView.swift */ = {isa = PBXFileReference; fileEncoding = 4; lastKnownFileType = sourcecode.swift; path = ProductsCollectionView.swift; sourceTree = "<group>"; };
		F9F0AE361CCC0F55008BD59E /* UIAlertView+Custom.swift */ = {isa = PBXFileReference; fileEncoding = 4; lastKnownFileType = sourcecode.swift; path = "UIAlertView+Custom.swift"; sourceTree = "<group>"; };
		F9F0AE371CCC0F55008BD59E /* UIScrollView+Custom.swift */ = {isa = PBXFileReference; fileEncoding = 4; lastKnownFileType = sourcecode.swift; path = "UIScrollView+Custom.swift"; sourceTree = "<group>"; };
		F9F0AE391CCC0F55008BD59E /* ProductsTableCell.swift */ = {isa = PBXFileReference; fileEncoding = 4; lastKnownFileType = sourcecode.swift; path = ProductsTableCell.swift; sourceTree = "<group>"; };
		F9F0AE3A1CCC0F55008BD59E /* ProductsTableCell.xib */ = {isa = PBXFileReference; fileEncoding = 4; lastKnownFileType = file.xib; path = ProductsTableCell.xib; sourceTree = "<group>"; };
		F9F0AE3B1CCC0F55008BD59E /* ProductsTableView.swift */ = {isa = PBXFileReference; fileEncoding = 4; lastKnownFileType = sourcecode.swift; path = ProductsTableView.swift; sourceTree = "<group>"; };
		F9F0AE3C1CCC0F55008BD59E /* ShoppedItemCell.swift */ = {isa = PBXFileReference; fileEncoding = 4; lastKnownFileType = sourcecode.swift; path = ShoppedItemCell.swift; sourceTree = "<group>"; };
		F9F0AE3D1CCC0F55008BD59E /* ShoppedItemCell.xib */ = {isa = PBXFileReference; fileEncoding = 4; lastKnownFileType = file.xib; path = ShoppedItemCell.xib; sourceTree = "<group>"; };
/* End PBXFileReference section */

/* Begin PBXFrameworksBuildPhase section */
		F98473821CC416CE00379B39 /* Frameworks */ = {
			isa = PBXFrameworksBuildPhase;
			buildActionMask = 2147483647;
			files = (
				A7720425122B1872667D5F9B /* Pods_HappyShop.framework in Frameworks */,
			);
			runOnlyForDeploymentPostprocessing = 0;
		};
		F98473961CC416CE00379B39 /* Frameworks */ = {
			isa = PBXFrameworksBuildPhase;
			buildActionMask = 2147483647;
			files = (
			);
			runOnlyForDeploymentPostprocessing = 0;
		};
		F98473A11CC416CE00379B39 /* Frameworks */ = {
			isa = PBXFrameworksBuildPhase;
			buildActionMask = 2147483647;
			files = (
			);
			runOnlyForDeploymentPostprocessing = 0;
		};
/* End PBXFrameworksBuildPhase section */

/* Begin PBXGroup section */
		9C0EC8427D47C52F2E7C03C4 /* Frameworks */ = {
			isa = PBXGroup;
			children = (
				966277FAEE92D99705AF534F /* Pods_HappyShop.framework */,
			);
			name = Frameworks;
			sourceTree = "<group>";
		};
		C7F5941E5D0AEA704919B3E4 /* Pods */ = {
			isa = PBXGroup;
			children = (
				AF3BFCAB0B42DFAF33B2BFCD /* Pods-HappyShop.debug.xcconfig */,
				38699FE29B4755F38C522088 /* Pods-HappyShop.release.xcconfig */,
			);
			name = Pods;
			sourceTree = "<group>";
		};
		F984737C1CC416CE00379B39 = {
			isa = PBXGroup;
			children = (
				F98473CA1CC4191700379B39 /* Bridging_Header.h */,
				F9F0AE0C1CCC0F55008BD59E /* HappyShop */,
				F984739C1CC416CE00379B39 /* HappyShopTests */,
				F98473A71CC416CE00379B39 /* HappyShopUITests */,
				F98473861CC416CE00379B39 /* Products */,
				C7F5941E5D0AEA704919B3E4 /* Pods */,
				9C0EC8427D47C52F2E7C03C4 /* Frameworks */,
			);
			sourceTree = "<group>";
		};
		F98473861CC416CE00379B39 /* Products */ = {
			isa = PBXGroup;
			children = (
				F98473851CC416CE00379B39 /* HappyShop.app */,
				F98473991CC416CE00379B39 /* HappyShopTests.xctest */,
				F98473A41CC416CE00379B39 /* HappyShopUITests.xctest */,
			);
			name = Products;
			sourceTree = "<group>";
		};
		F984739C1CC416CE00379B39 /* HappyShopTests */ = {
			isa = PBXGroup;
			children = (
				F984739D1CC416CE00379B39 /* HappyShopTests.swift */,
				F9F0AE071CCBFF22008BD59E /* DataManagerTests.swift */,
				F9F0AE091CCC0610008BD59E /* NetworkManagerTests.swift */,
				F984739F1CC416CE00379B39 /* Info.plist */,
			);
			path = HappyShopTests;
			sourceTree = "<group>";
		};
		F98473A71CC416CE00379B39 /* HappyShopUITests */ = {
			isa = PBXGroup;
			children = (
				F98473A81CC416CE00379B39 /* HappyShopUITests.swift */,
				F98473AA1CC416CE00379B39 /* Info.plist */,
			);
			path = HappyShopUITests;
			sourceTree = "<group>";
		};
		F9F0AE0C1CCC0F55008BD59E /* HappyShop */ = {
			isa = PBXGroup;
			children = (
				F9F0AE0D1CCC0F55008BD59E /* AppDelegate.swift */,
				F9F0AE0E1CCC0F55008BD59E /* Controllers */,
				F9F0AE141CCC0F55008BD59E /* Info.plist */,
				F9F0AE151CCC0F55008BD59E /* Models */,
				F9F0AE1C1CCC0F55008BD59E /* Resources */,
				F9F0AE2B1CCC0F55008BD59E /* Views */,
			);
			path = HappyShop;
			sourceTree = "<group>";
		};
		F9F0AE0E1CCC0F55008BD59E /* Controllers */ = {
			isa = PBXGroup;
			children = (
				F9F0AE0F1CCC0F55008BD59E /* BaseViewController.swift */,
				F9F0AE101CCC0F55008BD59E /* HomeViewController.swift */,
				F9F0AE111CCC0F55008BD59E /* ProductsViewController.swift */,
				F9F0AE121CCC0F55008BD59E /* ProductViewController.swift */,
				F9F0AE131CCC0F55008BD59E /* ShoppingBagViewController.swift */,
			);
			path = Controllers;
			sourceTree = "<group>";
		};
		F9F0AE151CCC0F55008BD59E /* Models */ = {
			isa = PBXGroup;
			children = (
				F9F0AE161CCC0F55008BD59E /* Constants.swift */,
				F9F0AE171CCC0F55008BD59E /* DataManager.swift */,
				F9F0AE181CCC0F55008BD59E /* KeyValueDataBaseManager.swift */,
				F9F0AE191CCC0F55008BD59E /* NetworkManager.swift */,
				F9F0AE1A1CCC0F55008BD59E /* Protocols */,
			);
			path = Models;
			sourceTree = "<group>";
		};
		F9F0AE1A1CCC0F55008BD59E /* Protocols */ = {
			isa = PBXGroup;
			children = (
				F9F0AE1B1CCC0F55008BD59E /* Protocols.swift */,
			);
			path = Protocols;
			sourceTree = "<group>";
		};
		F9F0AE1C1CCC0F55008BD59E /* Resources */ = {
			isa = PBXGroup;
			children = (
				F9F0AE1D1CCC0F55008BD59E /* Assets.xcassets */,
				F9F0AE1E1CCC0F55008BD59E /* LaunchScreen.storyboard */,
				F9F0AE201CCC0F55008BD59E /* Main.storyboard */,
				F9F0AE221CCC0F55008BD59E /* DataBase */,
				F9F0AE251CCC0F55008BD59E /* Images */,
			);
			path = Resources;
			sourceTree = "<group>";
		};
		F9F0AE221CCC0F55008BD59E /* DataBase */ = {
			isa = PBXGroup;
			children = (
				F9F0AE231CCC0F55008BD59E /* LocalDB.xcdatamodeld */,
			);
			path = DataBase;
			sourceTree = "<group>";
		};
		F9F0AE251CCC0F55008BD59E /* Images */ = {
			isa = PBXGroup;
			children = (
				F9F0AE261CCC0F55008BD59E /* backArrow.png */,
				F9F0AE271CCC0F55008BD59E /* gridIcon2.png */,
				F9F0AE281CCC0F55008BD59E /* icon_shop.png */,
				F9F0AE291CCC0F55008BD59E /* listIcon.png */,
				F9F0AE2A1CCC0F55008BD59E /* placeholder.png */,
			);
			path = Images;
			sourceTree = "<group>";
		};
		F9F0AE2B1CCC0F55008BD59E /* Views */ = {
			isa = PBXGroup;
			children = (
				F9F0AE2C1CCC0F55008BD59E /* CollectionView */,
				F9F0AE351CCC0F55008BD59E /* Extensions */,
				F9F0AE381CCC0F55008BD59E /* TableView */,
			);
			path = Views;
			sourceTree = "<group>";
		};
		F9F0AE2C1CCC0F55008BD59E /* CollectionView */ = {
			isa = PBXGroup;
			children = (
				F9F0AE2D1CCC0F55008BD59E /* Home */,
				F9F0AE311CCC0F55008BD59E /* Products */,
			);
			path = CollectionView;
			sourceTree = "<group>";
		};
		F9F0AE2D1CCC0F55008BD59E /* Home */ = {
			isa = PBXGroup;
			children = (
				F9F0AE2E1CCC0F55008BD59E /* CategoriesCollectionCell.swift */,
				F9F0AE2F1CCC0F55008BD59E /* CategoriesCollectionCell.xib */,
				F9F0AE301CCC0F55008BD59E /* CategoriesCollectionView.swift */,
			);
			path = Home;
			sourceTree = "<group>";
		};
		F9F0AE311CCC0F55008BD59E /* Products */ = {
			isa = PBXGroup;
			children = (
				F9F0AE321CCC0F55008BD59E /* ProductsCollectionCell.swift */,
				F9F0AE331CCC0F55008BD59E /* ProductsCollectionCell.xib */,
				F9F0AE341CCC0F55008BD59E /* ProductsCollectionView.swift */,
			);
			path = Products;
			sourceTree = "<group>";
		};
		F9F0AE351CCC0F55008BD59E /* Extensions */ = {
			isa = PBXGroup;
			children = (
				F9F0AE361CCC0F55008BD59E /* UIAlertView+Custom.swift */,
				F9F0AE371CCC0F55008BD59E /* UIScrollView+Custom.swift */,
			);
			path = Extensions;
			sourceTree = "<group>";
		};
		F9F0AE381CCC0F55008BD59E /* TableView */ = {
			isa = PBXGroup;
			children = (
				F9F0AE391CCC0F55008BD59E /* ProductsTableCell.swift */,
				F9F0AE3A1CCC0F55008BD59E /* ProductsTableCell.xib */,
				F9F0AE3B1CCC0F55008BD59E /* ProductsTableView.swift */,
				F9F0AE3C1CCC0F55008BD59E /* ShoppedItemCell.swift */,
				F9F0AE3D1CCC0F55008BD59E /* ShoppedItemCell.xib */,
			);
			path = TableView;
			sourceTree = "<group>";
		};
/* End PBXGroup section */

/* Begin PBXNativeTarget section */
		F98473841CC416CE00379B39 /* HappyShop */ = {
			isa = PBXNativeTarget;
			buildConfigurationList = F98473AD1CC416CE00379B39 /* Build configuration list for PBXNativeTarget "HappyShop" */;
			buildPhases = (
				9E0AA29FFEB42D39C8B2E42F /* Check Pods Manifest.lock */,
				F98473811CC416CE00379B39 /* Sources */,
				F98473821CC416CE00379B39 /* Frameworks */,
				F98473831CC416CE00379B39 /* Resources */,
				A64B95F1087DC55126A884EF /* Embed Pods Frameworks */,
				D7637D435CF7BCDA65CF2C66 /* Copy Pods Resources */,
			);
			buildRules = (
			);
			dependencies = (
			);
			name = HappyShop;
			productName = HappyShop;
			productReference = F98473851CC416CE00379B39 /* HappyShop.app */;
			productType = "com.apple.product-type.application";
		};
		F98473981CC416CE00379B39 /* HappyShopTests */ = {
			isa = PBXNativeTarget;
			buildConfigurationList = F98473B01CC416CE00379B39 /* Build configuration list for PBXNativeTarget "HappyShopTests" */;
			buildPhases = (
				F98473951CC416CE00379B39 /* Sources */,
				F98473961CC416CE00379B39 /* Frameworks */,
				F98473971CC416CE00379B39 /* Resources */,
			);
			buildRules = (
			);
			dependencies = (
				F984739B1CC416CE00379B39 /* PBXTargetDependency */,
			);
			name = HappyShopTests;
			productName = HappyShopTests;
			productReference = F98473991CC416CE00379B39 /* HappyShopTests.xctest */;
			productType = "com.apple.product-type.bundle.unit-test";
		};
		F98473A31CC416CE00379B39 /* HappyShopUITests */ = {
			isa = PBXNativeTarget;
			buildConfigurationList = F98473B31CC416CE00379B39 /* Build configuration list for PBXNativeTarget "HappyShopUITests" */;
			buildPhases = (
				F98473A01CC416CE00379B39 /* Sources */,
				F98473A11CC416CE00379B39 /* Frameworks */,
				F98473A21CC416CE00379B39 /* Resources */,
			);
			buildRules = (
			);
			dependencies = (
				F98473A61CC416CE00379B39 /* PBXTargetDependency */,
			);
			name = HappyShopUITests;
			productName = HappyShopUITests;
			productReference = F98473A41CC416CE00379B39 /* HappyShopUITests.xctest */;
			productType = "com.apple.product-type.bundle.ui-testing";
		};
/* End PBXNativeTarget section */

/* Begin PBXProject section */
		F984737D1CC416CE00379B39 /* Project object */ = {
			isa = PBXProject;
			attributes = {
				LastSwiftUpdateCheck = 0720;
				LastUpgradeCheck = 0720;
				ORGANIZATIONNAME = Suresh;
				TargetAttributes = {
					F98473841CC416CE00379B39 = {
						CreatedOnToolsVersion = 7.2;
					};
					F98473981CC416CE00379B39 = {
						CreatedOnToolsVersion = 7.2;
						TestTargetID = F98473841CC416CE00379B39;
					};
					F98473A31CC416CE00379B39 = {
						CreatedOnToolsVersion = 7.2;
						TestTargetID = F98473841CC416CE00379B39;
					};
				};
			};
			buildConfigurationList = F98473801CC416CE00379B39 /* Build configuration list for PBXProject "HappyShop" */;
			compatibilityVersion = "Xcode 6.3";
			developmentRegion = English;
			hasScannedForEncodings = 0;
			knownRegions = (
				en,
				Base,
			);
			mainGroup = F984737C1CC416CE00379B39;
			productRefGroup = F98473861CC416CE00379B39 /* Products */;
			projectDirPath = "";
			projectRoot = "";
			targets = (
				F98473841CC416CE00379B39 /* HappyShop */,
				F98473981CC416CE00379B39 /* HappyShopTests */,
				F98473A31CC416CE00379B39 /* HappyShopUITests */,
			);
		};
/* End PBXProject section */

/* Begin PBXResourcesBuildPhase section */
		F98473831CC416CE00379B39 /* Resources */ = {
			isa = PBXResourcesBuildPhase;
			buildActionMask = 2147483647;
			files = (
				F9F0AE4E1CCC0F55008BD59E /* backArrow.png in Resources */,
				F9F0AE5F1CCC0F56008BD59E /* ShoppedItemCell.xib in Resources */,
				F9F0AE571CCC0F55008BD59E /* ProductsCollectionCell.xib in Resources */,
				F9F0AE4B1CCC0F55008BD59E /* LaunchScreen.storyboard in Resources */,
				F9F0AE4A1CCC0F55008BD59E /* Assets.xcassets in Resources */,
				F9F0AE441CCC0F55008BD59E /* Info.plist in Resources */,
				F9F0AE521CCC0F55008BD59E /* placeholder.png in Resources */,
				F9F0AE5C1CCC0F56008BD59E /* ProductsTableCell.xib in Resources */,
				F9F0AE511CCC0F55008BD59E /* listIcon.png in Resources */,
				F9F0AE4C1CCC0F55008BD59E /* Main.storyboard in Resources */,
				F9F0AE4F1CCC0F55008BD59E /* gridIcon2.png in Resources */,
				F9F0AE501CCC0F55008BD59E /* icon_shop.png in Resources */,
				F9F0AE541CCC0F55008BD59E /* CategoriesCollectionCell.xib in Resources */,
			);
			runOnlyForDeploymentPostprocessing = 0;
		};
		F98473971CC416CE00379B39 /* Resources */ = {
			isa = PBXResourcesBuildPhase;
			buildActionMask = 2147483647;
			files = (
			);
			runOnlyForDeploymentPostprocessing = 0;
		};
		F98473A21CC416CE00379B39 /* Resources */ = {
			isa = PBXResourcesBuildPhase;
			buildActionMask = 2147483647;
			files = (
			);
			runOnlyForDeploymentPostprocessing = 0;
		};
/* End PBXResourcesBuildPhase section */

/* Begin PBXShellScriptBuildPhase section */
		9E0AA29FFEB42D39C8B2E42F /* Check Pods Manifest.lock */ = {
			isa = PBXShellScriptBuildPhase;
			buildActionMask = 2147483647;
			files = (
			);
			inputPaths = (
			);
			name = "Check Pods Manifest.lock";
			outputPaths = (
			);
			runOnlyForDeploymentPostprocessing = 0;
			shellPath = /bin/sh;
			shellScript = "diff \"${PODS_ROOT}/../Podfile.lock\" \"${PODS_ROOT}/Manifest.lock\" > /dev/null\nif [[ $? != 0 ]] ; then\n    cat << EOM\nerror: The sandbox is not in sync with the Podfile.lock. Run 'pod install' or update your CocoaPods installation.\nEOM\n    exit 1\nfi\n";
			showEnvVarsInLog = 0;
		};
		A64B95F1087DC55126A884EF /* Embed Pods Frameworks */ = {
			isa = PBXShellScriptBuildPhase;
			buildActionMask = 2147483647;
			files = (
			);
			inputPaths = (
			);
			name = "Embed Pods Frameworks";
			outputPaths = (
			);
			runOnlyForDeploymentPostprocessing = 0;
			shellPath = /bin/sh;
			shellScript = "\"${SRCROOT}/Pods/Target Support Files/Pods-HappyShop/Pods-HappyShop-frameworks.sh\"\n";
			showEnvVarsInLog = 0;
		};
		D7637D435CF7BCDA65CF2C66 /* Copy Pods Resources */ = {
			isa = PBXShellScriptBuildPhase;
			buildActionMask = 2147483647;
			files = (
			);
			inputPaths = (
			);
			name = "Copy Pods Resources";
			outputPaths = (
			);
			runOnlyForDeploymentPostprocessing = 0;
			shellPath = /bin/sh;
			shellScript = "\"${SRCROOT}/Pods/Target Support Files/Pods-HappyShop/Pods-HappyShop-resources.sh\"\n";
			showEnvVarsInLog = 0;
		};
/* End PBXShellScriptBuildPhase section */

/* Begin PBXSourcesBuildPhase section */
		F98473811CC416CE00379B39 /* Sources */ = {
			isa = PBXSourcesBuildPhase;
			buildActionMask = 2147483647;
			files = (
				F9F0AE561CCC0F55008BD59E /* ProductsCollectionCell.swift in Sources */,
				F9F0AE5D1CCC0F56008BD59E /* ProductsTableView.swift in Sources */,
				F9F0AE3E1CCC0F55008BD59E /* AppDelegate.swift in Sources */,
				F9F0AE581CCC0F55008BD59E /* ProductsCollectionView.swift in Sources */,
				F9F0AE531CCC0F55008BD59E /* CategoriesCollectionCell.swift in Sources */,
				F9F0AE4D1CCC0F55008BD59E /* LocalDB.xcdatamodeld in Sources */,
				F9F0AE461CCC0F55008BD59E /* DataManager.swift in Sources */,
				F9F0AE481CCC0F55008BD59E /* NetworkManager.swift in Sources */,
				F9F0AE591CCC0F55008BD59E /* UIAlertView+Custom.swift in Sources */,
				F9F0AE491CCC0F55008BD59E /* Protocols.swift in Sources */,
				F9F0AE3F1CCC0F55008BD59E /* BaseViewController.swift in Sources */,
				F9F0AE471CCC0F55008BD59E /* KeyValueDataBaseManager.swift in Sources */,
				F9F0AE411CCC0F55008BD59E /* ProductsViewController.swift in Sources */,
				F9F0AE5B1CCC0F56008BD59E /* ProductsTableCell.swift in Sources */,
				F9F0AE421CCC0F55008BD59E /* ProductViewController.swift in Sources */,
				F9F0AE451CCC0F55008BD59E /* Constants.swift in Sources */,
				F9F0AE5A1CCC0F56008BD59E /* UIScrollView+Custom.swift in Sources */,
				F9F0AE401CCC0F55008BD59E /* HomeViewController.swift in Sources */,
				F9F0AE5E1CCC0F56008BD59E /* ShoppedItemCell.swift in Sources */,
				F9F0AE551CCC0F55008BD59E /* CategoriesCollectionView.swift in Sources */,
				F9F0AE431CCC0F55008BD59E /* ShoppingBagViewController.swift in Sources */,
			);
			runOnlyForDeploymentPostprocessing = 0;
		};
		F98473951CC416CE00379B39 /* Sources */ = {
			isa = PBXSourcesBuildPhase;
			buildActionMask = 2147483647;
			files = (
				F9F0AE0A1CCC0610008BD59E /* NetworkManagerTests.swift in Sources */,
				F984739E1CC416CE00379B39 /* HappyShopTests.swift in Sources */,
				F9F0AE081CCBFF22008BD59E /* DataManagerTests.swift in Sources */,
			);
			runOnlyForDeploymentPostprocessing = 0;
		};
		F98473A01CC416CE00379B39 /* Sources */ = {
			isa = PBXSourcesBuildPhase;
			buildActionMask = 2147483647;
			files = (
				F98473A91CC416CE00379B39 /* HappyShopUITests.swift in Sources */,
			);
			runOnlyForDeploymentPostprocessing = 0;
		};
/* End PBXSourcesBuildPhase section */

/* Begin PBXTargetDependency section */
		F984739B1CC416CE00379B39 /* PBXTargetDependency */ = {
			isa = PBXTargetDependency;
			target = F98473841CC416CE00379B39 /* HappyShop */;
			targetProxy = F984739A1CC416CE00379B39 /* PBXContainerItemProxy */;
		};
		F98473A61CC416CE00379B39 /* PBXTargetDependency */ = {
			isa = PBXTargetDependency;
			target = F98473841CC416CE00379B39 /* HappyShop */;
			targetProxy = F98473A51CC416CE00379B39 /* PBXContainerItemProxy */;
		};
/* End PBXTargetDependency section */

/* Begin PBXVariantGroup section */
		F9F0AE1E1CCC0F55008BD59E /* LaunchScreen.storyboard */ = {
			isa = PBXVariantGroup;
			children = (
				F9F0AE1F1CCC0F55008BD59E /* Base */,
			);
			name = LaunchScreen.storyboard;
			sourceTree = "<group>";
		};
		F9F0AE201CCC0F55008BD59E /* Main.storyboard */ = {
			isa = PBXVariantGroup;
			children = (
				F9F0AE211CCC0F55008BD59E /* Base */,
			);
			name = Main.storyboard;
			sourceTree = "<group>";
		};
/* End PBXVariantGroup section */

/* Begin XCBuildConfiguration section */
		F98473AB1CC416CE00379B39 /* Debug */ = {
			isa = XCBuildConfiguration;
			buildSettings = {
				ALWAYS_SEARCH_USER_PATHS = NO;
				CLANG_CXX_LANGUAGE_STANDARD = "gnu++0x";
				CLANG_CXX_LIBRARY = "libc++";
				CLANG_ENABLE_MODULES = YES;
				CLANG_ENABLE_OBJC_ARC = YES;
				CLANG_WARN_BOOL_CONVERSION = YES;
				CLANG_WARN_CONSTANT_CONVERSION = YES;
				CLANG_WARN_DIRECT_OBJC_ISA_USAGE = YES_ERROR;
				CLANG_WARN_EMPTY_BODY = YES;
				CLANG_WARN_ENUM_CONVERSION = YES;
				CLANG_WARN_INT_CONVERSION = YES;
				CLANG_WARN_OBJC_ROOT_CLASS = YES_ERROR;
				CLANG_WARN_UNREACHABLE_CODE = YES;
				CLANG_WARN__DUPLICATE_METHOD_MATCH = YES;
				"CODE_SIGN_IDENTITY[sdk=iphoneos*]" = "iPhone Developer";
				COPY_PHASE_STRIP = NO;
				DEBUG_INFORMATION_FORMAT = dwarf;
				ENABLE_STRICT_OBJC_MSGSEND = YES;
				ENABLE_TESTABILITY = YES;
				GCC_C_LANGUAGE_STANDARD = gnu99;
				GCC_DYNAMIC_NO_PIC = NO;
				GCC_NO_COMMON_BLOCKS = YES;
				GCC_OPTIMIZATION_LEVEL = 0;
				GCC_PREPROCESSOR_DEFINITIONS = (
					"DEBUG=1",
					"$(inherited)",
				);
				GCC_WARN_64_TO_32_BIT_CONVERSION = YES;
				GCC_WARN_ABOUT_RETURN_TYPE = YES_ERROR;
				GCC_WARN_UNDECLARED_SELECTOR = YES;
				GCC_WARN_UNINITIALIZED_AUTOS = YES_AGGRESSIVE;
				GCC_WARN_UNUSED_FUNCTION = YES;
				GCC_WARN_UNUSED_VARIABLE = YES;
				IPHONEOS_DEPLOYMENT_TARGET = 8.4;
				MTL_ENABLE_DEBUG_INFO = YES;
				ONLY_ACTIVE_ARCH = YES;
				SDKROOT = iphoneos;
				SWIFT_OPTIMIZATION_LEVEL = "-Onone";
			};
			name = Debug;
		};
		F98473AC1CC416CE00379B39 /* Release */ = {
			isa = XCBuildConfiguration;
			buildSettings = {
				ALWAYS_SEARCH_USER_PATHS = NO;
				CLANG_CXX_LANGUAGE_STANDARD = "gnu++0x";
				CLANG_CXX_LIBRARY = "libc++";
				CLANG_ENABLE_MODULES = YES;
				CLANG_ENABLE_OBJC_ARC = YES;
				CLANG_WARN_BOOL_CONVERSION = YES;
				CLANG_WARN_CONSTANT_CONVERSION = YES;
				CLANG_WARN_DIRECT_OBJC_ISA_USAGE = YES_ERROR;
				CLANG_WARN_EMPTY_BODY = YES;
				CLANG_WARN_ENUM_CONVERSION = YES;
				CLANG_WARN_INT_CONVERSION = YES;
				CLANG_WARN_OBJC_ROOT_CLASS = YES_ERROR;
				CLANG_WARN_UNREACHABLE_CODE = YES;
				CLANG_WARN__DUPLICATE_METHOD_MATCH = YES;
				"CODE_SIGN_IDENTITY[sdk=iphoneos*]" = "iPhone Developer";
				COPY_PHASE_STRIP = NO;
				DEBUG_INFORMATION_FORMAT = "dwarf-with-dsym";
				ENABLE_NS_ASSERTIONS = NO;
				ENABLE_STRICT_OBJC_MSGSEND = YES;
				GCC_C_LANGUAGE_STANDARD = gnu99;
				GCC_NO_COMMON_BLOCKS = YES;
				GCC_WARN_64_TO_32_BIT_CONVERSION = YES;
				GCC_WARN_ABOUT_RETURN_TYPE = YES_ERROR;
				GCC_WARN_UNDECLARED_SELECTOR = YES;
				GCC_WARN_UNINITIALIZED_AUTOS = YES_AGGRESSIVE;
				GCC_WARN_UNUSED_FUNCTION = YES;
				GCC_WARN_UNUSED_VARIABLE = YES;
				IPHONEOS_DEPLOYMENT_TARGET = 8.4;
				MTL_ENABLE_DEBUG_INFO = NO;
				SDKROOT = iphoneos;
				VALIDATE_PRODUCT = YES;
			};
			name = Release;
		};
		F98473AE1CC416CE00379B39 /* Debug */ = {
			isa = XCBuildConfiguration;
			baseConfigurationReference = AF3BFCAB0B42DFAF33B2BFCD /* Pods-HappyShop.debug.xcconfig */;
			buildSettings = {
				ASSETCATALOG_COMPILER_APPICON_NAME = AppIcon;
				ASSETCATALOG_COMPILER_LAUNCHIMAGE_NAME = "Brand Assets";
				INFOPLIST_FILE = HappyShop/Info.plist;
				LD_RUNPATH_SEARCH_PATHS = "$(inherited) @executable_path/Frameworks";
				PRODUCT_BUNDLE_IDENTIFIER = com.self.HappyShop;
				PRODUCT_NAME = "$(TARGET_NAME)";
				SWIFT_OBJC_BRIDGING_HEADER = "$(PROJECT_DIR)/Bridging_Header.h";
			};
			name = Debug;
		};
		F98473AF1CC416CE00379B39 /* Release */ = {
			isa = XCBuildConfiguration;
			baseConfigurationReference = 38699FE29B4755F38C522088 /* Pods-HappyShop.release.xcconfig */;
			buildSettings = {
				ASSETCATALOG_COMPILER_APPICON_NAME = AppIcon;
				ASSETCATALOG_COMPILER_LAUNCHIMAGE_NAME = "Brand Assets";
				INFOPLIST_FILE = HappyShop/Info.plist;
				LD_RUNPATH_SEARCH_PATHS = "$(inherited) @executable_path/Frameworks";
				PRODUCT_BUNDLE_IDENTIFIER = com.self.HappyShop;
				PRODUCT_NAME = "$(TARGET_NAME)";
				SWIFT_OBJC_BRIDGING_HEADER = "$(PROJECT_DIR)/Bridging_Header.h";
			};
			name = Release;
		};
		F98473B11CC416CE00379B39 /* Debug */ = {
			isa = XCBuildConfiguration;
			buildSettings = {
				BUNDLE_LOADER = "$(TEST_HOST)";
				INFOPLIST_FILE = HappyShopTests/Info.plist;
				LD_RUNPATH_SEARCH_PATHS = "$(inherited) @executable_path/Frameworks @loader_path/Frameworks";
				PRODUCT_BUNDLE_IDENTIFIER = com.self.HappyShopTests;
				PRODUCT_NAME = "$(TARGET_NAME)";
				TEST_HOST = "$(BUILT_PRODUCTS_DIR)/HappyShop.app/HappyShop";
			};
			name = Debug;
		};
		F98473B21CC416CE00379B39 /* Release */ = {
			isa = XCBuildConfiguration;
			buildSettings = {
				BUNDLE_LOADER = "$(TEST_HOST)";
				INFOPLIST_FILE = HappyShopTests/Info.plist;
				LD_RUNPATH_SEARCH_PATHS = "$(inherited) @executable_path/Frameworks @loader_path/Frameworks";
				PRODUCT_BUNDLE_IDENTIFIER = com.self.HappyShopTests;
				PRODUCT_NAME = "$(TARGET_NAME)";
				TEST_HOST = "$(BUILT_PRODUCTS_DIR)/HappyShop.app/HappyShop";
			};
			name = Release;
		};
		F98473B41CC416CE00379B39 /* Debug */ = {
			isa = XCBuildConfiguration;
			buildSettings = {
				INFOPLIST_FILE = HappyShopUITests/Info.plist;
				LD_RUNPATH_SEARCH_PATHS = "$(inherited) @executable_path/Frameworks @loader_path/Frameworks";
				PRODUCT_BUNDLE_IDENTIFIER = com.self.HappyShopUITests;
				PRODUCT_NAME = "$(TARGET_NAME)";
				TEST_TARGET_NAME = HappyShop;
				USES_XCTRUNNER = YES;
			};
			name = Debug;
		};
		F98473B51CC416CE00379B39 /* Release */ = {
			isa = XCBuildConfiguration;
			buildSettings = {
				INFOPLIST_FILE = HappyShopUITests/Info.plist;
				LD_RUNPATH_SEARCH_PATHS = "$(inherited) @executable_path/Frameworks @loader_path/Frameworks";
				PRODUCT_BUNDLE_IDENTIFIER = com.self.HappyShopUITests;
				PRODUCT_NAME = "$(TARGET_NAME)";
				TEST_TARGET_NAME = HappyShop;
				USES_XCTRUNNER = YES;
			};
			name = Release;
		};
/* End XCBuildConfiguration section */

/* Begin XCConfigurationList section */
		F98473801CC416CE00379B39 /* Build configuration list for PBXProject "HappyShop" */ = {
			isa = XCConfigurationList;
			buildConfigurations = (
				F98473AB1CC416CE00379B39 /* Debug */,
				F98473AC1CC416CE00379B39 /* Release */,
			);
			defaultConfigurationIsVisible = 0;
			defaultConfigurationName = Release;
		};
		F98473AD1CC416CE00379B39 /* Build configuration list for PBXNativeTarget "HappyShop" */ = {
			isa = XCConfigurationList;
			buildConfigurations = (
				F98473AE1CC416CE00379B39 /* Debug */,
				F98473AF1CC416CE00379B39 /* Release */,
			);
			defaultConfigurationIsVisible = 0;
			defaultConfigurationName = Release;
		};
		F98473B01CC416CE00379B39 /* Build configuration list for PBXNativeTarget "HappyShopTests" */ = {
			isa = XCConfigurationList;
			buildConfigurations = (
				F98473B11CC416CE00379B39 /* Debug */,
				F98473B21CC416CE00379B39 /* Release */,
			);
			defaultConfigurationIsVisible = 0;
			defaultConfigurationName = Release;
		};
		F98473B31CC416CE00379B39 /* Build configuration list for PBXNativeTarget "HappyShopUITests" */ = {
			isa = XCConfigurationList;
			buildConfigurations = (
				F98473B41CC416CE00379B39 /* Debug */,
				F98473B51CC416CE00379B39 /* Release */,
			);
			defaultConfigurationIsVisible = 0;
			defaultConfigurationName = Release;
		};
/* End XCConfigurationList section */

/* Begin XCVersionGroup section */
		F9F0AE231CCC0F55008BD59E /* LocalDB.xcdatamodeld */ = {
			isa = XCVersionGroup;
			children = (
				F9F0AE241CCC0F55008BD59E /* LocalDB.xcdatamodel */,
			);
			currentVersion = F9F0AE241CCC0F55008BD59E /* LocalDB.xcdatamodel */;
			path = LocalDB.xcdatamodeld;
			sourceTree = "<group>";
			versionGroupType = wrapper.xcdatamodel;
		};
/* End XCVersionGroup section */
	};
	rootObject = F984737D1CC416CE00379B39 /* Project object */;
}
